
Microsoft Visual Studio Solution File, Format Version 12.00
# Visual Studio 15
VisualStudioVersion = 15.0.27703.2042
MinimumVisualStudioVersion = 10.0.40219.1
Project("{FAE04EC0-301F-11D3-BF4B-00C04F79EFBC}") = "ConsoleHttpListen", "ConsoleHttpListen\ConsoleHttpListen.csproj", "{CD549CDD-6F09-41AB-A900-8A228AB4C7A8}"
EndProject
Project("{FAE04EC0-301F-11D3-BF4B-00C04F79EFBC}") = "SvHttpListen", "SvHttpListen\SvHttpListen.csproj", "{A6BCF289-263C-4A69-AEA5-4DE470DF8640}"
EndProject
Global
	GlobalSection(SolutionConfigurationPlatforms) = preSolution
		Debug|Any CPU = Debug|Any CPU
		Release|Any CPU = Release|Any CPU
	EndGlobalSection
	GlobalSection(ProjectConfigurationPlatforms) = postSolution
		{CD549CDD-6F09-41AB-A900-8A228AB4C7A8}.Debug|Any CPU.ActiveCfg = Debug|Any CPU
		{CD549CDD-6F09-41AB-A900-8A228AB4C7A8}.Debug|Any CPU.Build.0 = Debug|Any CPU
		{CD549CDD-6F09-41AB-A900-8A228AB4C7A8}.Release|Any CPU.ActiveCfg = Release|Any CPU
		{CD549CDD-6F09-41AB-A900-8A228AB4C7A8}.Release|Any CPU.Build.0 = Release|Any CPU
		{A6BCF289-263C-4A69-AEA5-4DE470DF8640}.Debug|Any CPU.ActiveCfg = Debug|Any CPU
		{A6BCF289-263C-4A69-AEA5-4DE470DF8640}.Debug|Any CPU.Build.0 = Debug|Any CPU
		{A6BCF289-263C-4A69-AEA5-4DE470DF8640}.Release|Any CPU.ActiveCfg = Release|Any CPU
		{A6BCF289-263C-4A69-AEA5-4DE470DF8640}.Release|Any CPU.Build.0 = Release|Any CPU
	EndGlobalSection
	GlobalSection(SolutionProperties) = preSolution
		HideSolutionNode = FALSE
	EndGlobalSection
	GlobalSection(ExtensibilityGlobals) = postSolution
		SolutionGuid = {00D424B4-5FBF-47F5-BC48-2443809A4ACB}
	EndGlobalSection
EndGlobal
